PODS:
  - MapboxCommon (23.8.4)
  - MapboxCoreMaps (10.16.2):
    - MapboxCommon (~> 23.8)
  - MapboxMaps (10.16.2):
    - MapboxCommon (= 23.8.4)
    - MapboxCoreMaps (= 10.16.2)
    - MapboxMobileEvents (= 1.0.10)
    - Turf (~> 2.0)
  - MapboxMobileEvents (1.0.10)
  - Turf (2.7.0)

DEPENDENCIES:
  - MapboxMaps (= 10.16.2)

SPEC REPOS:
  trunk:
    - MapboxCommon
    - MapboxCoreMaps
    - MapboxMaps
    - MapboxMobileEvents
    - Turf

SPEC CHECKSUMS:
  MapboxCommon: 23deb9c2abe05897a3ade46aac391c9d2ada396e
  MapboxCoreMaps: b6921145ffe26eff2ec0fa84edb99496a189ea53
  MapboxMaps: f7a24f57ee25ea6eb9d195c9b0273bb8776fcbc1
  MapboxMobileEvents: de50b3a4de180dd129c326e09cd12c8adaaa46d6
  Turf: 13d1a92d969ca0311bbc26e8356cca178ce95da2

PODFILE CHECKSUM: 2b12bdeaa381617782947d70a194d5dd63ff65a3

COCOAPODS: 1.14.3
